// !$*UTF8*$!
{
	archiveVersion = 1;
	classes = {
	};
	objectVersion = 77;
	objects = {

/* Begin PBXBuildFile section */
		1423BBE626BD081307155131 /* GakuseAITests.swift in Sources */ = {isa = PBXBuildFile; fileRef = 0D11FD95DB1D5284F512FDDC /* GakuseAITests.swift */; };
		15216031CC94FE9EBB7134A3 /* GakuseAIApp.swift in Sources */ = {isa = PBXBuildFile; fileRef = A97AB956D99D86A2AF02B1F6 /* GakuseAIApp.swift */; };
		15E3914B295CD47C3D1CABA9 /* Supabase in Frameworks */ = {isa = PBXBuildFile; productRef = C0BD5802D7F3FAC688360BBB /* Supabase */; };
		1685C582B73390FD75098449 /* ContentViewModel.swift in Sources */ = {isa = PBXBuildFile; fileRef = 0D0A47CA6A7368476E0929B1 /* ContentViewModel.swift */; };
		216FE832731D9C856F36FFC2 /* LearningLogView.swift in Sources */ = {isa = PBXBuildFile; fileRef = 5681FA8DA8115D2FF252EBDE /* LearningLogView.swift */; };
		253256EF9DBCB6C11929A845 /* AuthService.swift in Sources */ = {isa = PBXBuildFile; fileRef = AAB502C42F43DEEEE83ACEF5 /* AuthService.swift */; };
		496CDC2A0A0CED80E9FCF662 /* AIChatViewModel.swift in Sources */ = {isa = PBXBuildFile; fileRef = 53B0235B676D4A39676D821E /* AIChatViewModel.swift */; };
		5065E1396D0CFA58200AA894 /* APIService.swift in Sources */ = {isa = PBXBuildFile; fileRef = 888E3B3582F796E49AE615D0 /* APIService.swift */; };
		54A9C139199D2C11ACD315DC /* ProfileView.swift in Sources */ = {isa = PBXBuildFile; fileRef = 03206AAD21390FE19A6216AF /* ProfileView.swift */; };
		59F97985237F1EE4B2C4DE82 /* PortfolioView.swift in Sources */ = {isa = PBXBuildFile; fileRef = 9CD55FFBD583D29CDC0997DC /* PortfolioView.swift */; };
		60DDB753739A49C18C47B620 /* AIChatView.swift in Sources */ = {isa = PBXBuildFile; fileRef = 5F8675F6C3F20E29CC87A601 /* AIChatView.swift */; };
		6CF1D5A75C1BAC7AFCA7C1AF /* ProfileViewModel.swift in Sources */ = {isa = PBXBuildFile; fileRef = 02FDDB329E65417CE061EAC1 /* ProfileViewModel.swift */; };
		741BE9B9B93612081D296324 /* PortfolioViewModel.swift in Sources */ = {isa = PBXBuildFile; fileRef = 63CADAE9B697F008E7FFF5E9 /* PortfolioViewModel.swift */; };
		8F1A7B58ED6EC3B2D25524CC /* SignUpView.swift in Sources */ = {isa = PBXBuildFile; fileRef = 610AA9BE696443C992014FFE /* SignUpView.swift */; };
		B20AF944DF87A6269AE698EB /* ContentView.swift in Sources */ = {isa = PBXBuildFile; fileRef = 4F0025900B49CB1206333D40 /* ContentView.swift */; };
		BD2FD7E6FB0903B1F4430722 /* SupabaseManager.swift in Sources */ = {isa = PBXBuildFile; fileRef = 49011EAEC6702F3EB9B8D3D7 /* SupabaseManager.swift */; };
		D1C191F2D5AE36D9610482FB /* GakuseAIUITests.swift in Sources */ = {isa = PBXBuildFile; fileRef = B1DDF7CC322C3C34143A48E0 /* GakuseAIUITests.swift */; };
		D36E3888D994216B6491ECDD /* AuthViewModel.swift in Sources */ = {isa = PBXBuildFile; fileRef = 1F9EBDF5DBC6014B5B29B1D5 /* AuthViewModel.swift */; };
		E23B5E32C95E452462D1AE4B /* LearningLog.swift in Sources */ = {isa = PBXBuildFile; fileRef = E88FB99B682125606C32F0AA /* LearningLog.swift */; };
		E9DEF97E1C9F82AAEB31A794 /* PersistenceService.swift in Sources */ = {isa = PBXBuildFile; fileRef = 0CADDCDEF00F749794E8D9E2 /* PersistenceService.swift */; };
		F06658005BA66A699F5C00D5 /* LoginView.swift in Sources */ = {isa = PBXBuildFile; fileRef = E6C8FDA32CB60A0C902B25DE /* LoginView.swift */; };
		F204F98B282F03333782D984 /* LearningLogViewModel.swift in Sources */ = {isa = PBXBuildFile; fileRef = F7C6F3AFE662B318F5C8D812 /* LearningLogViewModel.swift */; };
/* End PBXBuildFile section */

/* Begin PBXContainerItemProxy section */
		15CEF26804F740986D1D340D /* PBXContainerItemProxy */ = {
			isa = PBXContainerItemProxy;
			containerPortal = 1AA2DD943B5B9417DA39FA4D /* Project object */;
			proxyType = 1;
			remoteGlobalIDString = A6E89433205744AB31DD4CDB;
			remoteInfo = GakuseAI;
		};
		C93D285F4BBF1203BEF0B176 /* PBXContainerItemProxy */ = {
			isa = PBXContainerItemProxy;
			containerPortal = 1AA2DD943B5B9417DA39FA4D /* Project object */;
			proxyType = 1;
			remoteGlobalIDString = A6E89433205744AB31DD4CDB;
			remoteInfo = GakuseAI;
		};
/* End PBXContainerItemProxy section */

/* Begin PBXFileReference section */
		02FDDB329E65417CE061EAC1 /* ProfileViewModel.swift */ = {isa = PBXFileReference; lastKnownFileType = sourcecode.swift; path = ProfileViewModel.swift; sourceTree = "<group>"; };
		03206AAD21390FE19A6216AF /* ProfileView.swift */ = {isa = PBXFileReference; lastKnownFileType = sourcecode.swift; path = ProfileView.swift; sourceTree = "<group>"; };
		0CADDCDEF00F749794E8D9E2 /* PersistenceService.swift */ = {isa = PBXFileReference; lastKnownFileType = sourcecode.swift; path = PersistenceService.swift; sourceTree = "<group>"; };
		0D0A47CA6A7368476E0929B1 /* ContentViewModel.swift */ = {isa = PBXFileReference; lastKnownFileType = sourcecode.swift; path = ContentViewModel.swift; sourceTree = "<group>"; };
		0D11FD95DB1D5284F512FDDC /* GakuseAITests.swift */ = {isa = PBXFileReference; lastKnownFileType = sourcecode.swift; path = GakuseAITests.swift; sourceTree = "<group>"; };
		1F9EBDF5DBC6014B5B29B1D5 /* AuthViewModel.swift */ = {isa = PBXFileReference; lastKnownFileType = sourcecode.swift; path = AuthViewModel.swift; sourceTree = "<group>"; };
		49011EAEC6702F3EB9B8D3D7 /* SupabaseManager.swift */ = {isa = PBXFileReference; lastKnownFileType = sourcecode.swift; path = SupabaseManager.swift; sourceTree = "<group>"; };
		4F0025900B49CB1206333D40 /* ContentView.swift */ = {isa = PBXFileReference; lastKnownFileType = sourcecode.swift; path = ContentView.swift; sourceTree = "<group>"; };
		53B0235B676D4A39676D821E /* AIChatViewModel.swift */ = {isa = PBXFileReference; lastKnownFileType = sourcecode.swift; path = AIChatViewModel.swift; sourceTree = "<group>"; };
		5681FA8DA8115D2FF252EBDE /* LearningLogView.swift */ = {isa = PBXFileReference; lastKnownFileType = sourcecode.swift; path = LearningLogView.swift; sourceTree = "<group>"; };
		5F8675F6C3F20E29CC87A601 /* AIChatView.swift */ = {isa = PBXFileReference; lastKnownFileType = sourcecode.swift; path = AIChatView.swift; sourceTree = "<group>"; };
		610AA9BE696443C992014FFE /* SignUpView.swift */ = {isa = PBXFileReference; lastKnownFileType = sourcecode.swift; path = SignUpView.swift; sourceTree = "<group>"; };
		63CADAE9B697F008E7FFF5E9 /* PortfolioViewModel.swift */ = {isa = PBXFileReference; lastKnownFileType = sourcecode.swift; path = PortfolioViewModel.swift; sourceTree = "<group>"; };
		73353298C3D9C0846EF8AE1F /* GakuseAI.entitlements */ = {isa = PBXFileReference; lastKnownFileType = text.plist.entitlements; path = GakuseAI.entitlements; sourceTree = "<group>"; };
		888E3B3582F796E49AE615D0 /* APIService.swift */ = {isa = PBXFileReference; lastKnownFileType = sourcecode.swift; path = APIService.swift; sourceTree = "<group>"; };
		9CD55FFBD583D29CDC0997DC /* PortfolioView.swift */ = {isa = PBXFileReference; lastKnownFileType = sourcecode.swift; path = PortfolioView.swift; sourceTree = "<group>"; };
		A97AB956D99D86A2AF02B1F6 /* GakuseAIApp.swift */ = {isa = PBXFileReference; lastKnownFileType = sourcecode.swift; path = GakuseAIApp.swift; sourceTree = "<group>"; };
		AAB502C42F43DEEEE83ACEF5 /* AuthService.swift */ = {isa = PBXFileReference; lastKnownFileType = sourcecode.swift; path = AuthService.swift; sourceTree = "<group>"; };
		B1DDF7CC322C3C34143A48E0 /* GakuseAIUITests.swift */ = {isa = PBXFileReference; lastKnownFileType = sourcecode.swift; path = GakuseAIUITests.swift; sourceTree = "<group>"; };
		D82F1001D68B2CA61D1C6EA8 /* GakuseAI.app */ = {isa = PBXFileReference; includeInIndex = 0; lastKnownFileType = wrapper.application; path = GakuseAI.app; sourceTree = BUILT_PRODUCTS_DIR; };
		DEB485DC1DE76FD78AFD76D4 /* GakuseAIUITests.xctest */ = {isa = PBXFileReference; includeInIndex = 0; lastKnownFileType = wrapper.cfbundle; path = GakuseAIUITests.xctest; sourceTree = BUILT_PRODUCTS_DIR; };
		E54EBD4D02518269A622C9C0 /* GakuseAITests.xctest */ = {isa = PBXFileReference; includeInIndex = 0; lastKnownFileType = wrapper.cfbundle; path = GakuseAITests.xctest; sourceTree = BUILT_PRODUCTS_DIR; };
		E6C8FDA32CB60A0C902B25DE /* LoginView.swift */ = {isa = PBXFileReference; lastKnownFileType = sourcecode.swift; path = LoginView.swift; sourceTree = "<group>"; };
		E88FB99B682125606C32F0AA /* LearningLog.swift */ = {isa = PBXFileReference; lastKnownFileType = sourcecode.swift; path = LearningLog.swift; sourceTree = "<group>"; };
		F7C6F3AFE662B318F5C8D812 /* LearningLogViewModel.swift */ = {isa = PBXFileReference; lastKnownFileType = sourcecode.swift; path = LearningLogViewModel.swift; sourceTree = "<group>"; };
		FC1FE75A9FBEC69059BA66D3 /* Info.plist */ = {isa = PBXFileReference; lastKnownFileType = text.plist; path = Info.plist; sourceTree = "<group>"; };
/* End PBXFileReference section */

/* Begin PBXFrameworksBuildPhase section */
		02144963798B4496E7C40322 /* Frameworks */ = {
			isa = PBXFrameworksBuildPhase;
			buildActionMask = 2147483647;
			files = (
				15E3914B295CD47C3D1CABA9 /* Supabase in Frameworks */,
			);
			runOnlyForDeploymentPostprocessing = 0;
		};
/* End PBXFrameworksBuildPhase section */

/* Begin PBXGroup section */
		000217A7815040E7DDDFA337 /* ViewModels */ = {
			isa = PBXGroup;
			children = (
				53B0235B676D4A39676D821E /* AIChatViewModel.swift */,
				1F9EBDF5DBC6014B5B29B1D5 /* AuthViewModel.swift */,
				0D0A47CA6A7368476E0929B1 /* ContentViewModel.swift */,
				F7C6F3AFE662B318F5C8D812 /* LearningLogViewModel.swift */,
				63CADAE9B697F008E7FFF5E9 /* PortfolioViewModel.swift */,
				02FDDB329E65417CE061EAC1 /* ProfileViewModel.swift */,
			);
			path = ViewModels;
			sourceTree = "<group>";
		};
		22FD8C09585FAB1C68847C2C /* GakuseAI */ = {
			isa = PBXGroup;
			children = (
				73353298C3D9C0846EF8AE1F /* GakuseAI.entitlements */,
				A97AB956D99D86A2AF02B1F6 /* GakuseAIApp.swift */,
				FC1FE75A9FBEC69059BA66D3 /* Info.plist */,
				7A5C06C6D2DF58A0E47BE7D3 /* Models */,
				B9FBCC9954426F39E150527C /* Resources */,
				49B7BC40B002F2A072598614 /* Services */,
				8C53EA25A248CC7970BE963C /* Utils */,
				000217A7815040E7DDDFA337 /* ViewModels */,
				EA53F1D4A20B7E6D2A9E5A5E /* Views */,
			);
			path = GakuseAI;
			sourceTree = "<group>";
		};
		34C6006582551C31871F91B0 /* Auth */ = {
			isa = PBXGroup;
			children = (
				E6C8FDA32CB60A0C902B25DE /* LoginView.swift */,
				610AA9BE696443C992014FFE /* SignUpView.swift */,
			);
			path = Auth;
			sourceTree = "<group>";
		};
		426A0CC9A9B2D49F1392D6A9 /* Auth */ = {
			isa = PBXGroup;
			children = (
				AAB502C42F43DEEEE83ACEF5 /* AuthService.swift */,
				49011EAEC6702F3EB9B8D3D7 /* SupabaseManager.swift */,
			);
			path = Auth;
			sourceTree = "<group>";
		};
		49B7BC40B002F2A072598614 /* Services */ = {
			isa = PBXGroup;
			children = (
				888E3B3582F796E49AE615D0 /* APIService.swift */,
				0CADDCDEF00F749794E8D9E2 /* PersistenceService.swift */,
				426A0CC9A9B2D49F1392D6A9 /* Auth */,
			);
			path = Services;
			sourceTree = "<group>";
		};
		7A5C06C6D2DF58A0E47BE7D3 /* Models */ = {
			isa = PBXGroup;
			children = (
				E88FB99B682125606C32F0AA /* LearningLog.swift */,
			);
			path = Models;
			sourceTree = "<group>";
		};
		88104219A1A9D2C0852FA6A2 /* Products */ = {
			isa = PBXGroup;
			children = (
				D82F1001D68B2CA61D1C6EA8 /* GakuseAI.app */,
				E54EBD4D02518269A622C9C0 /* GakuseAITests.xctest */,
				DEB485DC1DE76FD78AFD76D4 /* GakuseAIUITests.xctest */,
			);
			name = Products;
			sourceTree = "<group>";
		};
		89F74B559D7F4462D92B5975 /* GakuseAITests */ = {
			isa = PBXGroup;
			children = (
				0D11FD95DB1D5284F512FDDC /* GakuseAITests.swift */,
			);
			path = GakuseAITests;
			sourceTree = "<group>";
		};
		8C53EA25A248CC7970BE963C /* Utils */ = {
			isa = PBXGroup;
			children = (
			);
			path = Utils;
			sourceTree = "<group>";
		};
		B9FBCC9954426F39E150527C /* Resources */ = {
			isa = PBXGroup;
			children = (
			);
			path = Resources;
			sourceTree = "<group>";
		};
		C21E9DF5508304B9C78D2CD3 = {
			isa = PBXGroup;
			children = (
				22FD8C09585FAB1C68847C2C /* GakuseAI */,
				89F74B559D7F4462D92B5975 /* GakuseAITests */,
				C751407E0DFB5938DF90B87F /* GakuseAIUITests */,
				88104219A1A9D2C0852FA6A2 /* Products */,
			);
			sourceTree = "<group>";
		};
		C751407E0DFB5938DF90B87F /* GakuseAIUITests */ = {
			isa = PBXGroup;
			children = (
				B1DDF7CC322C3C34143A48E0 /* GakuseAIUITests.swift */,
			);
			path = GakuseAIUITests;
			sourceTree = "<group>";
		};
		EA53F1D4A20B7E6D2A9E5A5E /* Views */ = {
			isa = PBXGroup;
			children = (
				5F8675F6C3F20E29CC87A601 /* AIChatView.swift */,
				4F0025900B49CB1206333D40 /* ContentView.swift */,
				5681FA8DA8115D2FF252EBDE /* LearningLogView.swift */,
				9CD55FFBD583D29CDC0997DC /* PortfolioView.swift */,
				03206AAD21390FE19A6216AF /* ProfileView.swift */,
				34C6006582551C31871F91B0 /* Auth */,
			);
			path = Views;
			sourceTree = "<group>";
		};
/* End PBXGroup section */

/* Begin PBXNativeTarget section */
		A6E89433205744AB31DD4CDB /* GakuseAI */ = {
			isa = PBXNativeTarget;
			buildConfigurationList = 3DC830D7892463426B41B32D /* Build configuration list for PBXNativeTarget "GakuseAI" */;
			buildPhases = (
				0C07780209E8BB460772FE97 /* Sources */,
				02144963798B4496E7C40322 /* Frameworks */,
			);
			buildRules = (
			);
			dependencies = (
			);
			name = GakuseAI;
			packageProductDependencies = (
				C0BD5802D7F3FAC688360BBB /* Supabase */,
			);
			productName = GakuseAI;
			productReference = D82F1001D68B2CA61D1C6EA8 /* GakuseAI.app */;
			productType = "com.apple.product-type.application";
		};
		AB2A1EFCFAEAB7E8CE956C06 /* GakuseAITests */ = {
			isa = PBXNativeTarget;
			buildConfigurationList = 9D30BCCA047A304B94CD84BF /* Build configuration list for PBXNativeTarget "GakuseAITests" */;
			buildPhases = (
				C1A8EC5A7399F8B5782F8340 /* Sources */,
			);
			buildRules = (
			);
			dependencies = (
				270E5D9A1A8EB7A8BDD41980 /* PBXTargetDependency */,
			);
			name = GakuseAITests;
			packageProductDependencies = (
			);
			productName = GakuseAITests;
			productReference = E54EBD4D02518269A622C9C0 /* GakuseAITests.xctest */;
			productType = "com.apple.product-type.bundle.unit-test";
		};
		CB29C3A1F8BF37C68290F518 /* GakuseAIUITests */ = {
			isa = PBXNativeTarget;
			buildConfigurationList = 102DD616E65EA707C76734F0 /* Build configuration list for PBXNativeTarget "GakuseAIUITests" */;
			buildPhases = (
				008893DB77C6657E22B66E64 /* Sources */,
			);
			buildRules = (
			);
			dependencies = (
				9E1E4F4B5AAF30BC246D4BDB /* PBXTargetDependency */,
			);
			name = GakuseAIUITests;
			packageProductDependencies = (
			);
			productName = GakuseAIUITests;
			productReference = DEB485DC1DE76FD78AFD76D4 /* GakuseAIUITests.xctest */;
			productType = "com.apple.product-type.bundle.ui-testing";
		};
/* End PBXNativeTarget section */

/* Begin PBXProject section */
		1AA2DD943B5B9417DA39FA4D /* Project object */ = {
			isa = PBXProject;
			attributes = {
				BuildIndependentTargetsInParallel = YES;
				LastUpgradeCheck = 1600;
				TargetAttributes = {
					A6E89433205744AB31DD4CDB = {
						DevelopmentTeam = "";
						ProvisioningStyle = Automatic;
					};
					AB2A1EFCFAEAB7E8CE956C06 = {
						DevelopmentTeam = "";
						ProvisioningStyle = Automatic;
					};
					CB29C3A1F8BF37C68290F518 = {
						DevelopmentTeam = "";
						ProvisioningStyle = Automatic;
						TestTargetID = A6E89433205744AB31DD4CDB;
					};
				};
			};
			buildConfigurationList = 600039A6412704A48CEA0583 /* Build configuration list for PBXProject "GakuseAI" */;
			compatibilityVersion = "Xcode 14.0";
			developmentRegion = en;
			hasScannedForEncodings = 0;
			knownRegions = (
				Base,
				en,
			);
			mainGroup = C21E9DF5508304B9C78D2CD3;
			minimizedProjectReferenceProxies = 1;
			packageReferences = (
				628542338580CB6F79CBCC46 /* XCRemoteSwiftPackageReference "supabase-swift" */,
			);
			preferredProjectObjectVersion = 77;
			projectDirPath = "";
			projectRoot = "";
			targets = (
				A6E89433205744AB31DD4CDB /* GakuseAI */,
				AB2A1EFCFAEAB7E8CE956C06 /* GakuseAITests */,
				CB29C3A1F8BF37C68290F518 /* GakuseAIUITests */,
			);
		};
/* End PBXProject section */

/* Begin PBXSourcesBuildPhase section */
		008893DB77C6657E22B66E64 /* Sources */ = {
			isa = PBXSourcesBuildPhase;
			buildActionMask = 2147483647;
			files = (
				D1C191F2D5AE36D9610482FB /* GakuseAIUITests.swift in Sources */,
			);
			runOnlyForDeploymentPostprocessing = 0;
		};
		0C07780209E8BB460772FE97 /* Sources */ = {
			isa = PBXSourcesBuildPhase;
			buildActionMask = 2147483647;
			files = (
				60DDB753739A49C18C47B620 /* AIChatView.swift in Sources */,
				496CDC2A0A0CED80E9FCF662 /* AIChatViewModel.swift in Sources */,
				5065E1396D0CFA58200AA894 /* APIService.swift in Sources */,
				253256EF9DBCB6C11929A845 /* AuthService.swift in Sources */,
				D36E3888D994216B6491ECDD /* AuthViewModel.swift in Sources */,
				B20AF944DF87A6269AE698EB /* ContentView.swift in Sources */,
				1685C582B73390FD75098449 /* ContentViewModel.swift in Sources */,
				15216031CC94FE9EBB7134A3 /* GakuseAIApp.swift in Sources */,
				E23B5E32C95E452462D1AE4B /* LearningLog.swift in Sources */,
				216FE832731D9C856F36FFC2 /* LearningLogView.swift in Sources */,
				F204F98B282F03333782D984 /* LearningLogViewModel.swift in Sources */,
				F06658005BA66A699F5C00D5 /* LoginView.swift in Sources */,
				E9DEF97E1C9F82AAEB31A794 /* PersistenceService.swift in Sources */,
				59F97985237F1EE4B2C4DE82 /* PortfolioView.swift in Sources */,
				741BE9B9B93612081D296324 /* PortfolioViewModel.swift in Sources */,
				54A9C139199D2C11ACD315DC /* ProfileView.swift in Sources */,
				6CF1D5A75C1BAC7AFCA7C1AF /* ProfileViewModel.swift in Sources */,
				8F1A7B58ED6EC3B2D25524CC /* SignUpView.swift in Sources */,
				BD2FD7E6FB0903B1F4430722 /* SupabaseManager.swift in Sources */,
			);
			runOnlyForDeploymentPostprocessing = 0;
		};
		C1A8EC5A7399F8B5782F8340 /* Sources */ = {
			isa = PBXSourcesBuildPhase;
			buildActionMask = 2147483647;
			files = (
				1423BBE626BD081307155131 /* GakuseAITests.swift in Sources */,
			);
			runOnlyForDeploymentPostprocessing = 0;
		};
/* End PBXSourcesBuildPhase section */

/* Begin PBXTargetDependency section */
		270E5D9A1A8EB7A8BDD41980 /* PBXTargetDependency */ = {
			isa = PBXTargetDependency;
			target = A6E89433205744AB31DD4CDB /* GakuseAI */;
			targetProxy = C93D285F4BBF1203BEF0B176 /* PBXContainerItemProxy */;
		};
		9E1E4F4B5AAF30BC246D4BDB /* PBXTargetDependency */ = {
			isa = PBXTargetDependency;
			target = A6E89433205744AB31DD4CDB /* GakuseAI */;
			targetProxy = 15CEF26804F740986D1D340D /* PBXContainerItemProxy */;
		};
/* End PBXTargetDependency section */

/* Begin XCBuildConfiguration section */
		27DF099143B65BFECDBB6533 /* Debug */ = {
			isa = XCBuildConfiguration;
			buildSettings = {
				ALWAYS_SEARCH_USER_PATHS = NO;
				CLANG_ANALYZER_NONNULL = YES;
				CLANG_ANALYZER_NUMBER_OBJECT_CONVERSION = YES_AGGRESSIVE;
				CLANG_CXX_LANGUAGE_STANDARD = "gnu++14";
				CLANG_CXX_LIBRARY = "libc++";
				CLANG_ENABLE_MODULES = YES;
				CLANG_ENABLE_OBJC_ARC = YES;
				CLANG_ENABLE_OBJC_WEAK = YES;
				CLANG_WARN_BLOCK_CAPTURE_AUTORELEASING = YES;
				CLANG_WARN_BOOL_CONVERSION = YES;
				CLANG_WARN_COMMA = YES;
				CLANG_WARN_CONSTANT_CONVERSION = YES;
				CLANG_WARN_DEPRECATED_OBJC_IMPLEMENTATIONS = YES;
				CLANG_WARN_DIRECT_OBJC_ISA_USAGE = YES_ERROR;
				CLANG_WARN_DOCUMENTATION_COMMENTS = YES;
				CLANG_WARN_EMPTY_BODY = YES;
				CLANG_WARN_ENUM_CONVERSION = YES;
				CLANG_WARN_INFINITE_RECURSION = YES;
				CLANG_WARN_INT_CONVERSION = YES;
				CLANG_WARN_NON_LITERAL_NULL_CONVERSION = YES;
				CLANG_WARN_OBJC_IMPLICIT_RETAIN_SELF = YES;
				CLANG_WARN_OBJC_LITERAL_CONVERSION = YES;
				CLANG_WARN_OBJC_ROOT_CLASS = YES_ERROR;
				CLANG_WARN_QUOTED_INCLUDE_IN_FRAMEWORK_HEADER = YES;
				CLANG_WARN_RANGE_LOOP_ANALYSIS = YES;
				CLANG_WARN_STRICT_PROTOTYPES = YES;
				CLANG_WARN_SUSPICIOUS_MOVE = YES;
				CLANG_WARN_UNGUARDED_AVAILABILITY = YES_AGGRESSIVE;
				CLANG_WARN_UNREACHABLE_CODE = YES;
				CLANG_WARN__DUPLICATE_METHOD_MATCH = YES;
				CODE_SIGN_STYLE = Automatic;
				COPY_PHASE_STRIP = NO;
				DEBUG_INFORMATION_FORMAT = dwarf;
				DEVELOPMENT_TEAM = "";
				ENABLE_STRICT_OBJC_MSGSEND = YES;
				ENABLE_TESTABILITY = YES;
				ENABLE_USER_SCRIPT_SANDBOXING = NO;
				GCC_C_LANGUAGE_STANDARD = gnu11;
				GCC_DYNAMIC_NO_PIC = NO;
				GCC_NO_COMMON_BLOCKS = YES;
				GCC_OPTIMIZATION_LEVEL = 0;
				GCC_PREPROCESSOR_DEFINITIONS = (
					"$(inherited)",
					"DEBUG=1",
				);
				GCC_WARN_64_TO_32_BIT_CONVERSION = YES;
				GCC_WARN_ABOUT_RETURN_TYPE = YES_ERROR;
				GCC_WARN_UNDECLARED_SELECTOR = YES;
				GCC_WARN_UNINITIALIZED_AUTOS = YES_AGGRESSIVE;
				GCC_WARN_UNUSED_FUNCTION = YES;
				GCC_WARN_UNUSED_VARIABLE = YES;
				IPHONEOS_DEPLOYMENT_TARGET = 17.0;
				MTL_ENABLE_DEBUG_INFO = INCLUDE_SOURCE;
				MTL_FAST_MATH = YES;
				ONLY_ACTIVE_ARCH = YES;
				PRODUCT_NAME = GakuseAI;
				SDKROOT = iphoneos;
				SWIFT_ACTIVE_COMPILATION_CONDITIONS = DEBUG;
				SWIFT_OPTIMIZATION_LEVEL = "-Onone";
				SWIFT_VERSION = 6.0;
			};
			name = Debug;
		};
		524184955F3BE6567A6E9DAE /* Debug */ = {
			isa = XCBuildConfiguration;
			buildSettings = {
				ASSETCATALOG_COMPILER_APPICON_NAME = AppIcon;
				ASSETCATALOG_COMPILER_GLOBAL_ACCENT_COLOR_NAME = AccentColor;
				CODE_SIGN_ENTITLEMENTS = GakuseAI/GakuseAI.entitlements;
				CODE_SIGN_IDENTITY = "iPhone Developer";
				INFOPLIST_FILE = GakuseAI/Info.plist;
				LD_RUNPATH_SEARCH_PATHS = (
					"$(inherited)",
					"@executable_path/Frameworks",
				);
				PRODUCT_BUNDLE_IDENTIFIER = ai.gakuse.app;
				SDKROOT = iphoneos;
				TARGETED_DEVICE_FAMILY = "1,2";
			};
			name = Debug;
		};
		86E3A8CE0BA811E972CB2479 /* Release */ = {
			isa = XCBuildConfiguration;
			buildSettings = {
				ASSETCATALOG_COMPILER_APPICON_NAME = AppIcon;
				ASSETCATALOG_COMPILER_GLOBAL_ACCENT_COLOR_NAME = AccentColor;
				CODE_SIGN_ENTITLEMENTS = GakuseAI/GakuseAI.entitlements;
				CODE_SIGN_IDENTITY = "iPhone Developer";
				INFOPLIST_FILE = GakuseAI/Info.plist;
				LD_RUNPATH_SEARCH_PATHS = (
					"$(inherited)",
					"@executable_path/Frameworks",
				);
				PRODUCT_BUNDLE_IDENTIFIER = ai.gakuse.app;
				SDKROOT = iphoneos;
				TARGETED_DEVICE_FAMILY = "1,2";
			};
			name = Release;
		};
		9F017764CB8281FE681677BC /* Debug */ = {
			isa = XCBuildConfiguration;
			buildSettings = {
				BUNDLE_LOADER = "$(TEST_HOST)";
				LD_RUNPATH_SEARCH_PATHS = (
					"$(inherited)",
					"@executable_path/Frameworks",
					"@loader_path/Frameworks",
				);
				PRODUCT_BUNDLE_IDENTIFIER = ai.gakuse.app.tests;
				SDKROOT = iphoneos;
				TARGETED_DEVICE_FAMILY = "1,2";
				TEST_HOST = "$(BUILT_PRODUCTS_DIR)/GakuseAI.app/GakuseAI";
			};
			name = Debug;
		};
		B6E13CA7BDC409B63881E287 /* Release */ = {
			isa = XCBuildConfiguration;
			buildSettings = {
				ALWAYS_SEARCH_USER_PATHS = NO;
				CLANG_ANALYZER_NONNULL = YES;
				CLANG_ANALYZER_NUMBER_OBJECT_CONVERSION = YES_AGGRESSIVE;
				CLANG_CXX_LANGUAGE_STANDARD = "gnu++14";
				CLANG_CXX_LIBRARY = "libc++";
				CLANG_ENABLE_MODULES = YES;
				CLANG_ENABLE_OBJC_ARC = YES;
				CLANG_ENABLE_OBJC_WEAK = YES;
				CLANG_WARN_BLOCK_CAPTURE_AUTORELEASING = YES;
				CLANG_WARN_BOOL_CONVERSION = YES;
				CLANG_WARN_COMMA = YES;
				CLANG_WARN_CONSTANT_CONVERSION = YES;
				CLANG_WARN_DEPRECATED_OBJC_IMPLEMENTATIONS = YES;
				CLANG_WARN_DIRECT_OBJC_ISA_USAGE = YES_ERROR;
				CLANG_WARN_DOCUMENTATION_COMMENTS = YES;
				CLANG_WARN_EMPTY_BODY = YES;
				CLANG_WARN_ENUM_CONVERSION = YES;
				CLANG_WARN_INFINITE_RECURSION = YES;
				CLANG_WARN_INT_CONVERSION = YES;
				CLANG_WARN_NON_LITERAL_NULL_CONVERSION = YES;
				CLANG_WARN_OBJC_IMPLICIT_RETAIN_SELF = YES;
				CLANG_WARN_OBJC_LITERAL_CONVERSION = YES;
				CLANG_WARN_OBJC_ROOT_CLASS = YES_ERROR;
				CLANG_WARN_QUOTED_INCLUDE_IN_FRAMEWORK_HEADER = YES;
				CLANG_WARN_RANGE_LOOP_ANALYSIS = YES;
				CLANG_WARN_STRICT_PROTOTYPES = YES;
				CLANG_WARN_SUSPICIOUS_MOVE = YES;
				CLANG_WARN_UNGUARDED_AVAILABILITY = YES_AGGRESSIVE;
				CLANG_WARN_UNREACHABLE_CODE = YES;
				CLANG_WARN__DUPLICATE_METHOD_MATCH = YES;
				CODE_SIGN_STYLE = Automatic;
				COPY_PHASE_STRIP = NO;
				DEBUG_INFORMATION_FORMAT = "dwarf-with-dsym";
				DEVELOPMENT_TEAM = "";
				ENABLE_NS_ASSERTIONS = NO;
				ENABLE_STRICT_OBJC_MSGSEND = YES;
				ENABLE_USER_SCRIPT_SANDBOXING = NO;
				GCC_C_LANGUAGE_STANDARD = gnu11;
				GCC_NO_COMMON_BLOCKS = YES;
				GCC_WARN_64_TO_32_BIT_CONVERSION = YES;
				GCC_WARN_ABOUT_RETURN_TYPE = YES_ERROR;
				GCC_WARN_UNDECLARED_SELECTOR = YES;
				GCC_WARN_UNINITIALIZED_AUTOS = YES_AGGRESSIVE;
				GCC_WARN_UNUSED_FUNCTION = YES;
				GCC_WARN_UNUSED_VARIABLE = YES;
				IPHONEOS_DEPLOYMENT_TARGET = 17.0;
				MTL_ENABLE_DEBUG_INFO = NO;
				MTL_FAST_MATH = YES;
				PRODUCT_NAME = GakuseAI;
				SDKROOT = iphoneos;
				SWIFT_COMPILATION_MODE = wholemodule;
				SWIFT_OPTIMIZATION_LEVEL = "-O";
				SWIFT_VERSION = 6.0;
			};
			name = Release;
		};
		CFB91C0A7EC73827AA1E4AEE /* Release */ = {
			isa = XCBuildConfiguration;
			buildSettings = {
				BUNDLE_LOADER = "$(TEST_HOST)";
				LD_RUNPATH_SEARCH_PATHS = (
					"$(inherited)",
					"@executable_path/Frameworks",
					"@loader_path/Frameworks",
				);
				PRODUCT_BUNDLE_IDENTIFIER = ai.gakuse.app.tests;
				SDKROOT = iphoneos;
				TARGETED_DEVICE_FAMILY = "1,2";
				TEST_HOST = "$(BUILT_PRODUCTS_DIR)/GakuseAI.app/GakuseAI";
			};
			name = Release;
		};
		F43DF9809D2A93FE4DBF168D /* Release */ = {
			isa = XCBuildConfiguration;
			buildSettings = {
				BUNDLE_LOADER = "$(TEST_HOST)";
				LD_RUNPATH_SEARCH_PATHS = (
					"$(inherited)",
					"@executable_path/Frameworks",
					"@loader_path/Frameworks",
				);
				PRODUCT_BUNDLE_IDENTIFIER = ai.gakuse.app.uitests;
				SDKROOT = iphoneos;
				TARGETED_DEVICE_FAMILY = "1,2";
				TEST_TARGET_NAME = GakuseAI;
			};
			name = Release;
		};
		FD09F5C1DCD2F44051E89565 /* Debug */ = {
			isa = XCBuildConfiguration;
			buildSettings = {
				BUNDLE_LOADER = "$(TEST_HOST)";
				LD_RUNPATH_SEARCH_PATHS = (
					"$(inherited)",
					"@executable_path/Frameworks",
					"@loader_path/Frameworks",
				);
				PRODUCT_BUNDLE_IDENTIFIER = ai.gakuse.app.uitests;
				SDKROOT = iphoneos;
				TARGETED_DEVICE_FAMILY = "1,2";
				TEST_TARGET_NAME = GakuseAI;
			};
			name = Debug;
		};
/* End XCBuildConfiguration section */

/* Begin XCConfigurationList section */
		102DD616E65EA707C76734F0 /* Build configuration list for PBXNativeTarget "GakuseAIUITests" */ = {
			isa = XCConfigurationList;
			buildConfigurations = (
				FD09F5C1DCD2F44051E89565 /* Debug */,
				F43DF9809D2A93FE4DBF168D /* Release */,
			);
			defaultConfigurationIsVisible = 0;
			defaultConfigurationName = Debug;
		};
		3DC830D7892463426B41B32D /* Build configuration list for PBXNativeTarget "GakuseAI" */ = {
			isa = XCConfigurationList;
			buildConfigurations = (
				524184955F3BE6567A6E9DAE /* Debug */,
				86E3A8CE0BA811E972CB2479 /* Release */,
			);
			defaultConfigurationIsVisible = 0;
			defaultConfigurationName = Debug;
		};
		600039A6412704A48CEA0583 /* Build configuration list for PBXProject "GakuseAI" */ = {
			isa = XCConfigurationList;
			buildConfigurations = (
				27DF099143B65BFECDBB6533 /* Debug */,
				B6E13CA7BDC409B63881E287 /* Release */,
			);
			defaultConfigurationIsVisible = 0;
			defaultConfigurationName = Debug;
		};
		9D30BCCA047A304B94CD84BF /* Build configuration list for PBXNativeTarget "GakuseAITests" */ = {
			isa = XCConfigurationList;
			buildConfigurations = (
				9F017764CB8281FE681677BC /* Debug */,
				CFB91C0A7EC73827AA1E4AEE /* Release */,
			);
			defaultConfigurationIsVisible = 0;
			defaultConfigurationName = Debug;
		};
/* End XCConfigurationList section */

/* Begin XCRemoteSwiftPackageReference section */
		628542338580CB6F79CBCC46 /* XCRemoteSwiftPackageReference "supabase-swift" */ = {
			isa = XCRemoteSwiftPackageReference;
			repositoryURL = "https://github.com/supabase/supabase-swift";
			requirement = {
				kind = upToNextMajorVersion;
				minimumVersion = 2.0.0;
			};
		};
/* End XCRemoteSwiftPackageReference section */

/* Begin XCSwiftPackageProductDependency section */
		C0BD5802D7F3FAC688360BBB /* Supabase */ = {
			isa = XCSwiftPackageProductDependency;
			package = 628542338580CB6F79CBCC46 /* XCRemoteSwiftPackageReference "supabase-swift" */;
			productName = Supabase;
		};
/* End XCSwiftPackageProductDependency section */
	};
	rootObject = 1AA2DD943B5B9417DA39FA4D /* Project object */;
}
